
Microsoft Visual Studio Solution File, Format Version 12.00
# Visual Studio Version 17
VisualStudioVersion = 17.0.32112.339
MinimumVisualStudioVersion = 10.0.40219.1
Project("{FAE04EC0-301F-11D3-BF4B-00C04F79EFBC}") = "Exercicio1", "ListaExercicio5.ConsoleApp\Exercicio1.csproj", "{9ADF695F-B491-4730-B675-12A1204A120D}"
EndProject
Project("{FAE04EC0-301F-11D3-BF4B-00C04F79EFBC}") = "Exercicio2", "Exercicio2\Exercicio2.csproj", "{BE672BBE-670B-4842-B40C-7FF980E9F2F2}"
EndProject
Project("{FAE04EC0-301F-11D3-BF4B-00C04F79EFBC}") = "Exercicio3", "Exercicio3\Exercicio3.csproj", "{72F27816-4A0A-4FC1-B91B-A6DA733AC368}"
EndProject
Project("{FAE04EC0-301F-11D3-BF4B-00C04F79EFBC}") = "Exercicio4", "Exercicio4\Exercicio4.csproj", "{A985AB59-BD03-4DC5-9C72-827131A4309C}"
EndProject
Project("{FAE04EC0-301F-11D3-BF4B-00C04F79EFBC}") = "Exercicio5", "Exercicio6\Exercicio5.csproj", "{3725C527-0371-4D9B-B625-AD35A9BEE091}"
EndProject
Project("{FAE04EC0-301F-11D3-BF4B-00C04F79EFBC}") = "Exercicio-6", "Exercicio-6\Exercicio-6.csproj", "{629E4F42-EB3F-4A41-9B6F-3C46E84E7F99}"
EndProject
Project("{FAE04EC0-301F-11D3-BF4B-00C04F79EFBC}") = "Exercicio7", "Exercicio7\Exercicio7.csproj", "{E0FB2742-8D0F-412C-A7BE-D0D80D494CAF}"
EndProject
Project("{FAE04EC0-301F-11D3-BF4B-00C04F79EFBC}") = "Exercicio8", "Exercicio8\Exercicio8.csproj", "{5FE6B8DF-E635-4C50-967A-32B6806245CE}"
EndProject
Project("{FAE04EC0-301F-11D3-BF4B-00C04F79EFBC}") = "Exercicio9", "Exercicio9\Exercicio9.csproj", "{9CB1D6B3-50E1-4251-B99E-A4535478BF31}"
EndProject
Project("{FAE04EC0-301F-11D3-BF4B-00C04F79EFBC}") = "Exercicio10", "Exercicio10\Exercicio10.csproj", "{69CA1A36-F2AC-4ABD-A145-C40E7F71026E}"
EndProject
Global
	GlobalSection(SolutionConfigurationPlatforms) = preSolution
		Debug|Any CPU = Debug|Any CPU
		Release|Any CPU = Release|Any CPU
	EndGlobalSection
	GlobalSection(ProjectConfigurationPlatforms) = postSolution
		{9ADF695F-B491-4730-B675-12A1204A120D}.Debug|Any CPU.ActiveCfg = Debug|Any CPU
		{9ADF695F-B491-4730-B675-12A1204A120D}.Debug|Any CPU.Build.0 = Debug|Any CPU
		{9ADF695F-B491-4730-B675-12A1204A120D}.Release|Any CPU.ActiveCfg = Release|Any CPU
		{9ADF695F-B491-4730-B675-12A1204A120D}.Release|Any CPU.Build.0 = Release|Any CPU
		{BE672BBE-670B-4842-B40C-7FF980E9F2F2}.Debug|Any CPU.ActiveCfg = Debug|Any CPU
		{BE672BBE-670B-4842-B40C-7FF980E9F2F2}.Debug|Any CPU.Build.0 = Debug|Any CPU
		{BE672BBE-670B-4842-B40C-7FF980E9F2F2}.Release|Any CPU.ActiveCfg = Release|Any CPU
		{BE672BBE-670B-4842-B40C-7FF980E9F2F2}.Release|Any CPU.Build.0 = Release|Any CPU
		{72F27816-4A0A-4FC1-B91B-A6DA733AC368}.Debug|Any CPU.ActiveCfg = Debug|Any CPU
		{72F27816-4A0A-4FC1-B91B-A6DA733AC368}.Debug|Any CPU.Build.0 = Debug|Any CPU
		{72F27816-4A0A-4FC1-B91B-A6DA733AC368}.Release|Any CPU.ActiveCfg = Release|Any CPU
		{72F27816-4A0A-4FC1-B91B-A6DA733AC368}.Release|Any CPU.Build.0 = Release|Any CPU
		{A985AB59-BD03-4DC5-9C72-827131A4309C}.Debug|Any CPU.ActiveCfg = Debug|Any CPU
		{A985AB59-BD03-4DC5-9C72-827131A4309C}.Debug|Any CPU.Build.0 = Debug|Any CPU
		{A985AB59-BD03-4DC5-9C72-827131A4309C}.Release|Any CPU.ActiveCfg = Release|Any CPU
		{A985AB59-BD03-4DC5-9C72-827131A4309C}.Release|Any CPU.Build.0 = Release|Any CPU
		{3725C527-0371-4D9B-B625-AD35A9BEE091}.Debug|Any CPU.ActiveCfg = Debug|Any CPU
		{3725C527-0371-4D9B-B625-AD35A9BEE091}.Debug|Any CPU.Build.0 = Debug|Any CPU
		{3725C527-0371-4D9B-B625-AD35A9BEE091}.Release|Any CPU.ActiveCfg = Release|Any CPU
		{3725C527-0371-4D9B-B625-AD35A9BEE091}.Release|Any CPU.Build.0 = Release|Any CPU
		{629E4F42-EB3F-4A41-9B6F-3C46E84E7F99}.Debug|Any CPU.ActiveCfg = Debug|Any CPU
		{629E4F42-EB3F-4A41-9B6F-3C46E84E7F99}.Debug|Any CPU.Build.0 = Debug|Any CPU
		{629E4F42-EB3F-4A41-9B6F-3C46E84E7F99}.Release|Any CPU.ActiveCfg = Release|Any CPU
		{629E4F42-EB3F-4A41-9B6F-3C46E84E7F99}.Release|Any CPU.Build.0 = Release|Any CPU
		{E0FB2742-8D0F-412C-A7BE-D0D80D494CAF}.Debug|Any CPU.ActiveCfg = Debug|Any CPU
		{E0FB2742-8D0F-412C-A7BE-D0D80D494CAF}.Debug|Any CPU.Build.0 = Debug|Any CPU
		{E0FB2742-8D0F-412C-A7BE-D0D80D494CAF}.Release|Any CPU.ActiveCfg = Release|Any CPU
		{E0FB2742-8D0F-412C-A7BE-D0D80D494CAF}.Release|Any CPU.Build.0 = Release|Any CPU
		{5FE6B8DF-E635-4C50-967A-32B6806245CE}.Debug|Any CPU.ActiveCfg = Debug|Any CPU
		{5FE6B8DF-E635-4C50-967A-32B6806245CE}.Debug|Any CPU.Build.0 = Debug|Any CPU
		{5FE6B8DF-E635-4C50-967A-32B6806245CE}.Release|Any CPU.ActiveCfg = Release|Any CPU
		{5FE6B8DF-E635-4C50-967A-32B6806245CE}.Release|Any CPU.Build.0 = Release|Any CPU
		{9CB1D6B3-50E1-4251-B99E-A4535478BF31}.Debug|Any CPU.ActiveCfg = Debug|Any CPU
		{9CB1D6B3-50E1-4251-B99E-A4535478BF31}.Debug|Any CPU.Build.0 = Debug|Any CPU
		{9CB1D6B3-50E1-4251-B99E-A4535478BF31}.Release|Any CPU.ActiveCfg = Release|Any CPU
		{9CB1D6B3-50E1-4251-B99E-A4535478BF31}.Release|Any CPU.Build.0 = Release|Any CPU
		{69CA1A36-F2AC-4ABD-A145-C40E7F71026E}.Debug|Any CPU.ActiveCfg = Debug|Any CPU
		{69CA1A36-F2AC-4ABD-A145-C40E7F71026E}.Debug|Any CPU.Build.0 = Debug|Any CPU
		{69CA1A36-F2AC-4ABD-A145-C40E7F71026E}.Release|Any CPU.ActiveCfg = Release|Any CPU
		{69CA1A36-F2AC-4ABD-A145-C40E7F71026E}.Release|Any CPU.Build.0 = Release|Any CPU
	EndGlobalSection
	GlobalSection(SolutionProperties) = preSolution
		HideSolutionNode = FALSE
	EndGlobalSection
	GlobalSection(ExtensibilityGlobals) = postSolution
		SolutionGuid = {06BB71B0-97FB-4DF7-8F4B-91CCB9DD5922}
	EndGlobalSection
EndGlobal
